
Microsoft Visual Studio Solution File, Format Version 12.00
# Visual Studio 15
Project("{FAE04EC0-301F-11D3-BF4B-00C04F79EFBC}") = "Assembly-CSharp", "Assembly-CSharp.csproj", "{852F51E4-02AA-E3ED-8912-31C77F2A2458}"
EndProject
Global
	GlobalSection(SolutionConfigurationPlatforms) = preSolution
		Debug|Any CPU = Debug|Any CPU
		Release|Any CPU = Release|Any CPU
	EndGlobalSection
	GlobalSection(ProjectConfigurationPlatforms) = postSolution
		{852F51E4-02AA-E3ED-8912-31C77F2A2458}.Debug|Any CPU.ActiveCfg = Debug|Any CPU
		{852F51E4-02AA-E3ED-8912-31C77F2A2458}.Debug|Any CPU.Build.0 = Debug|Any CPU
		{852F51E4-02AA-E3ED-8912-31C77F2A2458}.Release|Any CPU.ActiveCfg = Release|Any CPU
		{852F51E4-02AA-E3ED-8912-31C77F2A2458}.Release|Any CPU.Build.0 = Release|Any CPU
	EndGlobalSection
	GlobalSection(SolutionProperties) = preSolution
		HideSolutionNode = FALSE
	EndGlobalSection
EndGlobal
